
Microsoft Visual Studio Solution File, Format Version 12.00
# Visual Studio Version 17
VisualStudioVersion = 17.7.34031.279
MinimumVisualStudioVersion = 10.0.40219.1
Project("{FAE04EC0-301F-11D3-BF4B-00C04F79EFBC}") = "PIV_PF_ProyectoFinal", "PIV_PF_ProyectoFinal\PIV_PF_ProyectoFinal.csproj", "{D1FBD590-3C46-4F74-A675-9F59D5C97940}"
EndProject
Global
	GlobalSection(SolutionConfigurationPlatforms) = preSolution
		Debug|Any CPU = Debug|Any CPU
		Release|Any CPU = Release|Any CPU
	EndGlobalSection
	GlobalSection(ProjectConfigurationPlatforms) = postSolution
		{D1FBD590-3C46-4F74-A675-9F59D5C97940}.Debug|Any CPU.ActiveCfg = Debug|Any CPU
		{D1FBD590-3C46-4F74-A675-9F59D5C97940}.Debug|Any CPU.Build.0 = Debug|Any CPU
		{D1FBD590-3C46-4F74-A675-9F59D5C97940}.Release|Any CPU.ActiveCfg = Release|Any CPU
		{D1FBD590-3C46-4F74-A675-9F59D5C97940}.Release|Any CPU.Build.0 = Release|Any CPU
	EndGlobalSection
	GlobalSection(SolutionProperties) = preSolution
		HideSolutionNode = FALSE
	EndGlobalSection
	GlobalSection(ExtensibilityGlobals) = postSolution
		SolutionGuid = {460A94D2-7FEA-44A0-953E-5AAB0D9E5641}
	EndGlobalSection
EndGlobal
